// !$*UTF8*$!
{
	archiveVersion = 1;
	classes = {
	};
	objectVersion = 56;
	objects = {

/* Begin PBXBuildFile section */
		161BE5C72ADB614200A2B395 /* Apple_FrameworksApp.swift in Sources */ = {isa = PBXBuildFile; fileRef = 161BE5C62ADB614200A2B395 /* Apple_FrameworksApp.swift */; };
		161BE5CB2ADB614300A2B395 /* Assets.xcassets in Resources */ = {isa = PBXBuildFile; fileRef = 161BE5CA2ADB614300A2B395 /* Assets.xcassets */; };
		161BE5CE2ADB614300A2B395 /* Preview Assets.xcassets in Resources */ = {isa = PBXBuildFile; fileRef = 161BE5CD2ADB614300A2B395 /* Preview Assets.xcassets */; };
		161BE5D82ADB614400A2B395 /* Apple_FrameworksTests.swift in Sources */ = {isa = PBXBuildFile; fileRef = 161BE5D72ADB614400A2B395 /* Apple_FrameworksTests.swift */; };
		161BE5E22ADB614400A2B395 /* Apple_FrameworksUITests.swift in Sources */ = {isa = PBXBuildFile; fileRef = 161BE5E12ADB614400A2B395 /* Apple_FrameworksUITests.swift */; };
		161BE5E42ADB614400A2B395 /* Apple_FrameworksUITestsLaunchTests.swift in Sources */ = {isa = PBXBuildFile; fileRef = 161BE5E32ADB614400A2B395 /* Apple_FrameworksUITestsLaunchTests.swift */; };
		161BE5F12ADB61C700A2B395 /* framework.swift in Sources */ = {isa = PBXBuildFile; fileRef = 161BE5F02ADB61C700A2B395 /* framework.swift */; };
		1687A4742AE5CF580026FF14 /* FrameworkGridView.swift in Sources */ = {isa = PBXBuildFile; fileRef = 1687A4732AE5CF580026FF14 /* FrameworkGridView.swift */; };
/* End PBXBuildFile section */

/* Begin PBXContainerItemProxy section */
		161BE5D42ADB614300A2B395 /* PBXContainerItemProxy */ = {
			isa = PBXContainerItemProxy;
			containerPortal = 161BE5BB2ADB614200A2B395 /* Project object */;
			proxyType = 1;
			remoteGlobalIDString = 161BE5C22ADB614200A2B395;
			remoteInfo = "Apple Frameworks";
		};
		161BE5DE2ADB614400A2B395 /* PBXContainerItemProxy */ = {
			isa = PBXContainerItemProxy;
			containerPortal = 161BE5BB2ADB614200A2B395 /* Project object */;
			proxyType = 1;
			remoteGlobalIDString = 161BE5C22ADB614200A2B395;
			remoteInfo = "Apple Frameworks";
		};
/* End PBXContainerItemProxy section */

/* Begin PBXFileReference section */
		161BE5C32ADB614200A2B395 /* Apple Frameworks.app */ = {isa = PBXFileReference; explicitFileType = wrapper.application; includeInIndex = 0; path = "Apple Frameworks.app"; sourceTree = BUILT_PRODUCTS_DIR; };
		161BE5C62ADB614200A2B395 /* Apple_FrameworksApp.swift */ = {isa = PBXFileReference; lastKnownFileType = sourcecode.swift; path = Apple_FrameworksApp.swift; sourceTree = "<group>"; };
		161BE5CA2ADB614300A2B395 /* Assets.xcassets */ = {isa = PBXFileReference; lastKnownFileType = folder.assetcatalog; path = Assets.xcassets; sourceTree = "<group>"; };
		161BE5CD2ADB614300A2B395 /* Preview Assets.xcassets */ = {isa = PBXFileReference; lastKnownFileType = folder.assetcatalog; path = "Preview Assets.xcassets"; sourceTree = "<group>"; };
		161BE5D32ADB614300A2B395 /* Apple FrameworksTests.xctest */ = {isa = PBXFileReference; explicitFileType = wrapper.cfbundle; includeInIndex = 0; path = "Apple FrameworksTests.xctest"; sourceTree = BUILT_PRODUCTS_DIR; };
		161BE5D72ADB614400A2B395 /* Apple_FrameworksTests.swift */ = {isa = PBXFileReference; lastKnownFileType = sourcecode.swift; path = Apple_FrameworksTests.swift; sourceTree = "<group>"; };
		161BE5DD2ADB614400A2B395 /* Apple FrameworksUITests.xctest */ = {isa = PBXFileReference; explicitFileType = wrapper.cfbundle; includeInIndex = 0; path = "Apple FrameworksUITests.xctest"; sourceTree = BUILT_PRODUCTS_DIR; };
		161BE5E12ADB614400A2B395 /* Apple_FrameworksUITests.swift */ = {isa = PBXFileReference; lastKnownFileType = sourcecode.swift; path = Apple_FrameworksUITests.swift; sourceTree = "<group>"; };
		161BE5E32ADB614400A2B395 /* Apple_FrameworksUITestsLaunchTests.swift */ = {isa = PBXFileReference; lastKnownFileType = sourcecode.swift; path = Apple_FrameworksUITestsLaunchTests.swift; sourceTree = "<group>"; };
		161BE5F02ADB61C700A2B395 /* framework.swift */ = {isa = PBXFileReference; lastKnownFileType = sourcecode.swift; path = framework.swift; sourceTree = "<group>"; };
		1687A4732AE5CF580026FF14 /* FrameworkGridView.swift */ = {isa = PBXFileReference; lastKnownFileType = sourcecode.swift; path = FrameworkGridView.swift; sourceTree = "<group>"; };
/* End PBXFileReference section */

/* Begin PBXFrameworksBuildPhase section */
		161BE5C02ADB614200A2B395 /* Frameworks */ = {
			isa = PBXFrameworksBuildPhase;
			buildActionMask = 2147483647;
			files = (
			);
			runOnlyForDeploymentPostprocessing = 0;
		};
		161BE5D02ADB614300A2B395 /* Frameworks */ = {
			isa = PBXFrameworksBuildPhase;
			buildActionMask = 2147483647;
			files = (
			);
			runOnlyForDeploymentPostprocessing = 0;
		};
		161BE5DA2ADB614400A2B395 /* Frameworks */ = {
			isa = PBXFrameworksBuildPhase;
			buildActionMask = 2147483647;
			files = (
			);
			runOnlyForDeploymentPostprocessing = 0;
		};
/* End PBXFrameworksBuildPhase section */

/* Begin PBXGroup section */
		161BE5BA2ADB614200A2B395 = {
			isa = PBXGroup;
			children = (
				161BE5C52ADB614200A2B395 /* Apple Frameworks */,
				161BE5D62ADB614400A2B395 /* Apple FrameworksTests */,
				161BE5E02ADB614400A2B395 /* Apple FrameworksUITests */,
				161BE5C42ADB614200A2B395 /* Products */,
			);
			sourceTree = "<group>";
		};
		161BE5C42ADB614200A2B395 /* Products */ = {
			isa = PBXGroup;
			children = (
				161BE5C32ADB614200A2B395 /* Apple Frameworks.app */,
				161BE5D32ADB614300A2B395 /* Apple FrameworksTests.xctest */,
				161BE5DD2ADB614400A2B395 /* Apple FrameworksUITests.xctest */,
			);
			name = Products;
			sourceTree = "<group>";
		};
		161BE5C52ADB614200A2B395 /* Apple Frameworks */ = {
			isa = PBXGroup;
			children = (
				161BE5C62ADB614200A2B395 /* Apple_FrameworksApp.swift */,
				161BE5CA2ADB614300A2B395 /* Assets.xcassets */,
				1687A4732AE5CF580026FF14 /* FrameworkGridView.swift */,
				161BE5CC2ADB614300A2B395 /* Preview Content */,
				161BE5F02ADB61C700A2B395 /* framework.swift */,
			);
			path = "Apple Frameworks";
			sourceTree = "<group>";
		};
		161BE5CC2ADB614300A2B395 /* Preview Content */ = {
			isa = PBXGroup;
			children = (
				161BE5CD2ADB614300A2B395 /* Preview Assets.xcassets */,
			);
			path = "Preview Content";
			sourceTree = "<group>";
		};
		161BE5D62ADB614400A2B395 /* Apple FrameworksTests */ = {
			isa = PBXGroup;
			children = (
				161BE5D72ADB614400A2B395 /* Apple_FrameworksTests.swift */,
			);
			path = "Apple FrameworksTests";
			sourceTree = "<group>";
		};
		161BE5E02ADB614400A2B395 /* Apple FrameworksUITests */ = {
			isa = PBXGroup;
			children = (
				161BE5E12ADB614400A2B395 /* Apple_FrameworksUITests.swift */,
				161BE5E32ADB614400A2B395 /* Apple_FrameworksUITestsLaunchTests.swift */,
			);
			path = "Apple FrameworksUITests";
			sourceTree = "<group>";
		};
/* End PBXGroup section */

/* Begin PBXNativeTarget section */
		161BE5C22ADB614200A2B395 /* Apple Frameworks */ = {
			isa = PBXNativeTarget;
			buildConfigurationList = 161BE5E72ADB614400A2B395 /* Build configuration list for PBXNativeTarget "Apple Frameworks" */;
			buildPhases = (
				161BE5BF2ADB614200A2B395 /* Sources */,
				161BE5C02ADB614200A2B395 /* Frameworks */,
				161BE5C12ADB614200A2B395 /* Resources */,
			);
			buildRules = (
			);
			dependencies = (
			);
			name = "Apple Frameworks";
			productName = "Apple Frameworks";
			productReference = 161BE5C32ADB614200A2B395 /* Apple Frameworks.app */;
			productType = "com.apple.product-type.application";
		};
		161BE5D22ADB614300A2B395 /* Apple FrameworksTests */ = {
			isa = PBXNativeTarget;
			buildConfigurationList = 161BE5EA2ADB614400A2B395 /* Build configuration list for PBXNativeTarget "Apple FrameworksTests" */;
			buildPhases = (
				161BE5CF2ADB614300A2B395 /* Sources */,
				161BE5D02ADB614300A2B395 /* Frameworks */,
				161BE5D12ADB614300A2B395 /* Resources */,
			);
			buildRules = (
			);
			dependencies = (
				161BE5D52ADB614300A2B395 /* PBXTargetDependency */,
			);
			name = "Apple FrameworksTests";
			productName = "Apple FrameworksTests";
			productReference = 161BE5D32ADB614300A2B395 /* Apple FrameworksTests.xctest */;
			productType = "com.apple.product-type.bundle.unit-test";
		};
		161BE5DC2ADB614400A2B395 /* Apple FrameworksUITests */ = {
			isa = PBXNativeTarget;
			buildConfigurationList = 161BE5ED2ADB614400A2B395 /* Build configuration list for PBXNativeTarget "Apple FrameworksUITests" */;
			buildPhases = (
				161BE5D92ADB614400A2B395 /* Sources */,
				161BE5DA2ADB614400A2B395 /* Frameworks */,
				161BE5DB2ADB614400A2B395 /* Resources */,
			);
			buildRules = (
			);
			dependencies = (
				161BE5DF2ADB614400A2B395 /* PBXTargetDependency */,
			);
			name = "Apple FrameworksUITests";
			productName = "Apple FrameworksUITests";
			productReference = 161BE5DD2ADB614400A2B395 /* Apple FrameworksUITests.xctest */;
			productType = "com.apple.product-type.bundle.ui-testing";
		};
/* End PBXNativeTarget section */

/* Begin PBXProject section */
		161BE5BB2ADB614200A2B395 /* Project object */ = {
			isa = PBXProject;
			attributes = {
				BuildIndependentTargetsInParallel = 1;
				LastSwiftUpdateCheck = 1500;
				LastUpgradeCheck = 1500;
				TargetAttributes = {
					161BE5C22ADB614200A2B395 = {
						CreatedOnToolsVersion = 15.0;
					};
					161BE5D22ADB614300A2B395 = {
						CreatedOnToolsVersion = 15.0;
						TestTargetID = 161BE5C22ADB614200A2B395;
					};
					161BE5DC2ADB614400A2B395 = {
						CreatedOnToolsVersion = 15.0;
						TestTargetID = 161BE5C22ADB614200A2B395;
					};
				};
			};
			buildConfigurationList = 161BE5BE2ADB614200A2B395 /* Build configuration list for PBXProject "Apple Frameworks" */;
			compatibilityVersion = "Xcode 14.0";
			developmentRegion = en;
			hasScannedForEncodings = 0;
			knownRegions = (
				en,
				Base,
			);
			mainGroup = 161BE5BA2ADB614200A2B395;
			productRefGroup = 161BE5C42ADB614200A2B395 /* Products */;
			projectDirPath = "";
			projectRoot = "";
			targets = (
				161BE5C22ADB614200A2B395 /* Apple Frameworks */,
				161BE5D22ADB614300A2B395 /* Apple FrameworksTests */,
				161BE5DC2ADB614400A2B395 /* Apple FrameworksUITests */,
			);
		};
/* End PBXProject section */

/* Begin PBXResourcesBuildPhase section */
		161BE5C12ADB614200A2B395 /* Resources */ = {
			isa = PBXResourcesBuildPhase;
			buildActionMask = 2147483647;
			files = (
				161BE5CE2ADB614300A2B395 /* Preview Assets.xcassets in Resources */,
				161BE5CB2ADB614300A2B395 /* Assets.xcassets in Resources */,
			);
			runOnlyForDeploymentPostprocessing = 0;
		};
		161BE5D12ADB614300A2B395 /* Resources */ = {
			isa = PBXResourcesBuildPhase;
			buildActionMask = 2147483647;
			files = (
			);
			runOnlyForDeploymentPostprocessing = 0;
		};
		161BE5DB2ADB614400A2B395 /* Resources */ = {
			isa = PBXResourcesBuildPhase;
			buildActionMask = 2147483647;
			files = (
			);
			runOnlyForDeploymentPostprocessing = 0;
		};
/* End PBXResourcesBuildPhase section */

/* Begin PBXSourcesBuildPhase section */
		161BE5BF2ADB614200A2B395 /* Sources */ = {
			isa = PBXSourcesBuildPhase;
			buildActionMask = 2147483647;
			files = (
				1687A4742AE5CF580026FF14 /* FrameworkGridView.swift in Sources */,
				161BE5F12ADB61C700A2B395 /* framework.swift in Sources */,
				161BE5C72ADB614200A2B395 /* Apple_FrameworksApp.swift in Sources */,
			);
			runOnlyForDeploymentPostprocessing = 0;
		};
		161BE5CF2ADB614300A2B395 /* Sources */ = {
			isa = PBXSourcesBuildPhase;
			buildActionMask = 2147483647;
			files = (
				161BE5D82ADB614400A2B395 /* Apple_FrameworksTests.swift in Sources */,
			);
			runOnlyForDeploymentPostprocessing = 0;
		};
		161BE5D92ADB614400A2B395 /* Sources */ = {
			isa = PBXSourcesBuildPhase;
			buildActionMask = 2147483647;
			files = (
				161BE5E42ADB614400A2B395 /* Apple_FrameworksUITestsLaunchTests.swift in Sources */,
				161BE5E22ADB614400A2B395 /* Apple_FrameworksUITests.swift in Sources */,
			);
			runOnlyForDeploymentPostprocessing = 0;
		};
/* End PBXSourcesBuildPhase section */

/* Begin PBXTargetDependency section */
		161BE5D52ADB614300A2B395 /* PBXTargetDependency */ = {
			isa = PBXTargetDependency;
			target = 161BE5C22ADB614200A2B395 /* Apple Frameworks */;
			targetProxy = 161BE5D42ADB614300A2B395 /* PBXContainerItemProxy */;
		};
		161BE5DF2ADB614400A2B395 /* PBXTargetDependency */ = {
			isa = PBXTargetDependency;
			target = 161BE5C22ADB614200A2B395 /* Apple Frameworks */;
			targetProxy = 161BE5DE2ADB614400A2B395 /* PBXContainerItemProxy */;
		};
/* End PBXTargetDependency section */

/* Begin XCBuildConfiguration section */
		161BE5E52ADB614400A2B395 /* Debug */ = {
			isa = XCBuildConfiguration;
			buildSettings = {
				ALWAYS_SEARCH_USER_PATHS = NO;
				ASSETCATALOG_COMPILER_GENERATE_SWIFT_ASSET_SYMBOL_EXTENSIONS = YES;
				CLANG_ANALYZER_NONNULL = YES;
				CLANG_ANALYZER_NUMBER_OBJECT_CONVERSION = YES_AGGRESSIVE;
				CLANG_CXX_LANGUAGE_STANDARD = "gnu++20";
				CLANG_ENABLE_MODULES = YES;
				CLANG_ENABLE_OBJC_ARC = YES;
				CLANG_ENABLE_OBJC_WEAK = YES;
				CLANG_WARN_BLOCK_CAPTURE_AUTORELEASING = YES;
				CLANG_WARN_BOOL_CONVERSION = YES;
				CLANG_WARN_COMMA = YES;
				CLANG_WARN_CONSTANT_CONVERSION = YES;
				CLANG_WARN_DEPRECATED_OBJC_IMPLEMENTATIONS = YES;
				CLANG_WARN_DIRECT_OBJC_ISA_USAGE = YES_ERROR;
				CLANG_WARN_DOCUMENTATION_COMMENTS = YES;
				CLANG_WARN_EMPTY_BODY = YES;
				CLANG_WARN_ENUM_CONVERSION = YES;
				CLANG_WARN_INFINITE_RECURSION = YES;
				CLANG_WARN_INT_CONVERSION = YES;
				CLANG_WARN_NON_LITERAL_NULL_CONVERSION = YES;
				CLANG_WARN_OBJC_IMPLICIT_RETAIN_SELF = YES;
				CLANG_WARN_OBJC_LITERAL_CONVERSION = YES;
				CLANG_WARN_OBJC_ROOT_CLASS = YES_ERROR;
				CLANG_WARN_QUOTED_INCLUDE_IN_FRAMEWORK_HEADER = YES;
				CLANG_WARN_RANGE_LOOP_ANALYSIS = YES;
				CLANG_WARN_STRICT_PROTOTYPES = YES;
				CLANG_WARN_SUSPICIOUS_MOVE = YES;
				CLANG_WARN_UNGUARDED_AVAILABILITY = YES_AGGRESSIVE;
				CLANG_WARN_UNREACHABLE_CODE = YES;
				CLANG_WARN__DUPLICATE_METHOD_MATCH = YES;
				COPY_PHASE_STRIP = NO;
				DEBUG_INFORMATION_FORMAT = dwarf;
				ENABLE_STRICT_OBJC_MSGSEND = YES;
				ENABLE_TESTABILITY = YES;
				ENABLE_USER_SCRIPT_SANDBOXING = YES;
				GCC_C_LANGUAGE_STANDARD = gnu17;
				GCC_DYNAMIC_NO_PIC = NO;
				GCC_NO_COMMON_BLOCKS = YES;
				GCC_OPTIMIZATION_LEVEL = 0;
				GCC_PREPROCESSOR_DEFINITIONS = (
					"DEBUG=1",
					"$(inherited)",
				);
				GCC_WARN_64_TO_32_BIT_CONVERSION = YES;
				GCC_WARN_ABOUT_RETURN_TYPE = YES_ERROR;
				GCC_WARN_UNDECLARED_SELECTOR = YES;
				GCC_WARN_UNINITIALIZED_AUTOS = YES_AGGRESSIVE;
				GCC_WARN_UNUSED_FUNCTION = YES;
				GCC_WARN_UNUSED_VARIABLE = YES;
				IPHONEOS_DEPLOYMENT_TARGET = 17.0;
				LOCALIZATION_PREFERS_STRING_CATALOGS = YES;
				MTL_ENABLE_DEBUG_INFO = INCLUDE_SOURCE;
				MTL_FAST_MATH = YES;
				ONLY_ACTIVE_ARCH = YES;
				SDKROOT = iphoneos;
				SWIFT_ACTIVE_COMPILATION_CONDITIONS = "DEBUG $(inherited)";
				SWIFT_OPTIMIZATION_LEVEL = "-Onone";
			};
			name = Debug;
		};
		161BE5E62ADB614400A2B395 /* Release */ = {
			isa = XCBuildConfiguration;
			buildSettings = {
				ALWAYS_SEARCH_USER_PATHS = NO;
				ASSETCATALOG_COMPILER_GENERATE_SWIFT_ASSET_SYMBOL_EXTENSIONS = YES;
				CLANG_ANALYZER_NONNULL = YES;
				CLANG_ANALYZER_NUMBER_OBJECT_CONVERSION = YES_AGGRESSIVE;
				CLANG_CXX_LANGUAGE_STANDARD = "gnu++20";
				CLANG_ENABLE_MODULES = YES;
				CLANG_ENABLE_OBJC_ARC = YES;
				CLANG_ENABLE_OBJC_WEAK = YES;
				CLANG_WARN_BLOCK_CAPTURE_AUTORELEASING = YES;
				CLANG_WARN_BOOL_CONVERSION = YES;
				CLANG_WARN_COMMA = YES;
				CLANG_WARN_CONSTANT_CONVERSION = YES;
				CLANG_WARN_DEPRECATED_OBJC_IMPLEMENTATIONS = YES;
				CLANG_WARN_DIRECT_OBJC_ISA_USAGE = YES_ERROR;
				CLANG_WARN_DOCUMENTATION_COMMENTS = YES;
				CLANG_WARN_EMPTY_BODY = YES;
				CLANG_WARN_ENUM_CONVERSION = YES;
				CLANG_WARN_INFINITE_RECURSION = YES;
				CLANG_WARN_INT_CONVERSION = YES;
				CLANG_WARN_NON_LITERAL_NULL_CONVERSION = YES;
				CLANG_WARN_OBJC_IMPLICIT_RETAIN_SELF = YES;
				CLANG_WARN_OBJC_LITERAL_CONVERSION = YES;
				CLANG_WARN_OBJC_ROOT_CLASS = YES_ERROR;
				CLANG_WARN_QUOTED_INCLUDE_IN_FRAMEWORK_HEADER = YES;
				CLANG_WARN_RANGE_LOOP_ANALYSIS = YES;
				CLANG_WARN_STRICT_PROTOTYPES = YES;
				CLANG_WARN_SUSPICIOUS_MOVE = YES;
				CLANG_WARN_UNGUARDED_AVAILABILITY = YES_AGGRESSIVE;
				CLANG_WARN_UNREACHABLE_CODE = YES;
				CLANG_WARN__DUPLICATE_METHOD_MATCH = YES;
				COPY_PHASE_STRIP = NO;
				DEBUG_INFORMATION_FORMAT = "dwarf-with-dsym";
				ENABLE_NS_ASSERTIONS = NO;
				ENABLE_STRICT_OBJC_MSGSEND = YES;
				ENABLE_USER_SCRIPT_SANDBOXING = YES;
				GCC_C_LANGUAGE_STANDARD = gnu17;
				GCC_NO_COMMON_BLOCKS = YES;
				GCC_WARN_64_TO_32_BIT_CONVERSION = YES;
				GCC_WARN_ABOUT_RETURN_TYPE = YES_ERROR;
				GCC_WARN_UNDECLARED_SELECTOR = YES;
				GCC_WARN_UNINITIALIZED_AUTOS = YES_AGGRESSIVE;
				GCC_WARN_UNUSED_FUNCTION = YES;
				GCC_WARN_UNUSED_VARIABLE = YES;
				IPHONEOS_DEPLOYMENT_TARGET = 17.0;
				LOCALIZATION_PREFERS_STRING_CATALOGS = YES;
				MTL_ENABLE_DEBUG_INFO = NO;
				MTL_FAST_MATH = YES;
				SDKROOT = iphoneos;
				SWIFT_COMPILATION_MODE = wholemodule;
				VALIDATE_PRODUCT = YES;
			};
			name = Release;
		};
		161BE5E82ADB614400A2B395 /* Debug */ = {
			isa = XCBuildConfiguration;
			buildSettings = {
				ASSETCATALOG_COMPILER_APPICON_NAME = AppIcon;
				ASSETCATALOG_COMPILER_GLOBAL_ACCENT_COLOR_NAME = AccentColor;
				CODE_SIGN_STYLE = Automatic;
				CURRENT_PROJECT_VERSION = 1;
				DEVELOPMENT_ASSET_PATHS = "\"Apple Frameworks/Preview Content\"";
				ENABLE_PREVIEWS = YES;
				GENERATE_INFOPLIST_FILE = YES;
				INFOPLIST_KEY_UIApplicationSceneManifest_Generation = YES;
				INFOPLIST_KEY_UIApplicationSupportsIndirectInputEvents = YES;
				INFOPLIST_KEY_UILaunchScreen_Generation = YES;
				INFOPLIST_KEY_UISupportedInterfaceOrientations_iPad = "UIInterfaceOrientationPortrait UIInterfaceOrientationPortraitUpsideDown UIInterfaceOrientationLandscapeLeft UIInterfaceOrientationLandscapeRight";
				INFOPLIST_KEY_UISupportedInterfaceOrientations_iPhone = "UIInterfaceOrientationPortrait UIInterfaceOrientationLandscapeLeft UIInterfaceOrientationLandscapeRight";
				LD_RUNPATH_SEARCH_PATHS = (
					"$(inherited)",
					"@executable_path/Frameworks",
				);
				MARKETING_VERSION = 1.0;
				PRODUCT_BUNDLE_IDENTIFIER = "com.namish.Apple-Frameworks";
				PRODUCT_NAME = "$(TARGET_NAME)";
				SWIFT_EMIT_LOC_STRINGS = YES;
				SWIFT_VERSION = 5.0;
				TARGETED_DEVICE_FAMILY = "1,2";
			};
			name = Debug;
		};
		161BE5E92ADB614400A2B395 /* Release */ = {
			isa = XCBuildConfiguration;
			buildSettings = {
				ASSETCATALOG_COMPILER_APPICON_NAME = AppIcon;
				ASSETCATALOG_COMPILER_GLOBAL_ACCENT_COLOR_NAME = AccentColor;
				CODE_SIGN_STYLE = Automatic;
				CURRENT_PROJECT_VERSION = 1;
				DEVELOPMENT_ASSET_PATHS = "\"Apple Frameworks/Preview Content\"";
				ENABLE_PREVIEWS = YES;
				GENERATE_INFOPLIST_FILE = YES;
				INFOPLIST_KEY_UIApplicationSceneManifest_Generation = YES;
				INFOPLIST_KEY_UIApplicationSupportsIndirectInputEvents = YES;
				INFOPLIST_KEY_UILaunchScreen_Generation = YES;
				INFOPLIST_KEY_UISupportedInterfaceOrientations_iPad = "UIInterfaceOrientationPortrait UIInterfaceOrientationPortraitUpsideDown UIInterfaceOrientationLandscapeLeft UIInterfaceOrientationLandscapeRight";
				INFOPLIST_KEY_UISupportedInterfaceOrientations_iPhone = "UIInterfaceOrientationPortrait UIInterfaceOrientationLandscapeLeft UIInterfaceOrientationLandscapeRight";
				LD_RUNPATH_SEARCH_PATHS = (
					"$(inherited)",
					"@executable_path/Frameworks",
				);
				MARKETING_VERSION = 1.0;
				PRODUCT_BUNDLE_IDENTIFIER = "com.namish.Apple-Frameworks";
				PRODUCT_NAME = "$(TARGET_NAME)";
				SWIFT_EMIT_LOC_STRINGS = YES;
				SWIFT_VERSION = 5.0;
				TARGETED_DEVICE_FAMILY = "1,2";
			};
			name = Release;
		};
		161BE5EB2ADB614400A2B395 /* Debug */ = {
			isa = XCBuildConfiguration;
			buildSettings = {
				ALWAYS_EMBED_SWIFT_STANDARD_LIBRARIES = YES;
				BUNDLE_LOADER = "$(TEST_HOST)";
				CODE_SIGN_STYLE = Automatic;
				CURRENT_PROJECT_VERSION = 1;
				GENERATE_INFOPLIST_FILE = YES;
				IPHONEOS_DEPLOYMENT_TARGET = 17.0;
				MARKETING_VERSION = 1.0;
				PRODUCT_BUNDLE_IDENTIFIER = "com.namish.Apple-FrameworksTests";
				PRODUCT_NAME = "$(TARGET_NAME)";
				SWIFT_EMIT_LOC_STRINGS = NO;
				SWIFT_VERSION = 5.0;
				TARGETED_DEVICE_FAMILY = "1,2";
				TEST_HOST = "$(BUILT_PRODUCTS_DIR)/Apple Frameworks.app/$(BUNDLE_EXECUTABLE_FOLDER_PATH)/Apple Frameworks";
			};
			name = Debug;
		};
		161BE5EC2ADB614400A2B395 /* Release */ = {
			isa = XCBuildConfiguration;
			buildSettings = {
				ALWAYS_EMBED_SWIFT_STANDARD_LIBRARIES = YES;
				BUNDLE_LOADER = "$(TEST_HOST)";
				CODE_SIGN_STYLE = Automatic;
				CURRENT_PROJECT_VERSION = 1;
				GENERATE_INFOPLIST_FILE = YES;
				IPHONEOS_DEPLOYMENT_TARGET = 17.0;
				MARKETING_VERSION = 1.0;
				PRODUCT_BUNDLE_IDENTIFIER = "com.namish.Apple-FrameworksTests";
				PRODUCT_NAME = "$(TARGET_NAME)";
				SWIFT_EMIT_LOC_STRINGS = NO;
				SWIFT_VERSION = 5.0;
				TARGETED_DEVICE_FAMILY = "1,2";
				TEST_HOST = "$(BUILT_PRODUCTS_DIR)/Apple Frameworks.app/$(BUNDLE_EXECUTABLE_FOLDER_PATH)/Apple Frameworks";
			};
			name = Release;
		};
		161BE5EE2ADB614400A2B395 /* Debug */ = {
			isa = XCBuildConfiguration;
			buildSettings = {
				ALWAYS_EMBED_SWIFT_STANDARD_LIBRARIES = YES;
				CODE_SIGN_STYLE = Automatic;
				CURRENT_PROJECT_VERSION = 1;
				GENERATE_INFOPLIST_FILE = YES;
				MARKETING_VERSION = 1.0;
				PRODUCT_BUNDLE_IDENTIFIER = "com.namish.Apple-FrameworksUITests";
				PRODUCT_NAME = "$(TARGET_NAME)";
				SWIFT_EMIT_LOC_STRINGS = NO;
				SWIFT_VERSION = 5.0;
				TARGETED_DEVICE_FAMILY = "1,2";
				TEST_TARGET_NAME = "Apple Frameworks";
			};
			name = Debug;
		};
		161BE5EF2ADB614400A2B395 /* Release */ = {
			isa = XCBuildConfiguration;
			buildSettings = {
				ALWAYS_EMBED_SWIFT_STANDARD_LIBRARIES = YES;
				CODE_SIGN_STYLE = Automatic;
				CURRENT_PROJECT_VERSION = 1;
				GENERATE_INFOPLIST_FILE = YES;
				MARKETING_VERSION = 1.0;
				PRODUCT_BUNDLE_IDENTIFIER = "com.namish.Apple-FrameworksUITests";
				PRODUCT_NAME = "$(TARGET_NAME)";
				SWIFT_EMIT_LOC_STRINGS = NO;
				SWIFT_VERSION = 5.0;
				TARGETED_DEVICE_FAMILY = "1,2";
				TEST_TARGET_NAME = "Apple Frameworks";
			};
			name = Release;
		};
/* End XCBuildConfiguration section */

/* Begin XCConfigurationList section */
		161BE5BE2ADB614200A2B395 /* Build configuration list for PBXProject "Apple Frameworks" */ = {
			isa = XCConfigurationList;
			buildConfigurations = (
				161BE5E52ADB614400A2B395 /* Debug */,
				161BE5E62ADB614400A2B395 /* Release */,
			);
			defaultConfigurationIsVisible = 0;
			defaultConfigurationName = Release;
		};
		161BE5E72ADB614400A2B395 /* Build configuration list for PBXNativeTarget "Apple Frameworks" */ = {
			isa = XCConfigurationList;
			buildConfigurations = (
				161BE5E82ADB614400A2B395 /* Debug */,
				161BE5E92ADB614400A2B395 /* Release */,
			);
			defaultConfigurationIsVisible = 0;
			defaultConfigurationName = Release;
		};
		161BE5EA2ADB614400A2B395 /* Build configuration list for PBXNativeTarget "Apple FrameworksTests" */ = {
			isa = XCConfigurationList;
			buildConfigurations = (
				161BE5EB2ADB614400A2B395 /* Debug */,
				161BE5EC2ADB614400A2B395 /* Release */,
			);
			defaultConfigurationIsVisible = 0;
			defaultConfigurationName = Release;
		};
		161BE5ED2ADB614400A2B395 /* Build configuration list for PBXNativeTarget "Apple FrameworksUITests" */ = {
			isa = XCConfigurationList;
			buildConfigurations = (
				161BE5EE2ADB614400A2B395 /* Debug */,
				161BE5EF2ADB614400A2B395 /* Release */,
			);
			defaultConfigurationIsVisible = 0;
			defaultConfigurationName = Release;
		};
/* End XCConfigurationList section */
	};
	rootObject = 161BE5BB2ADB614200A2B395 /* Project object */;
}
